
Microsoft Visual Studio Solution File, Format Version 12.00
Project("{FAE04EC0-301F-11D3-BF4B-00C04F79EFBC}") = "Certificate.API", "Certificate.API\Certificate.API.csproj", "{285151D8-01C1-4B28-A23B-99390726E694}"
EndProject
Global
	GlobalSection(SolutionConfigurationPlatforms) = preSolution
		Debug|Any CPU = Debug|Any CPU
		Release|Any CPU = Release|Any CPU
	EndGlobalSection
	GlobalSection(ProjectConfigurationPlatforms) = postSolution
		{285151D8-01C1-4B28-A23B-99390726E694}.Debug|Any CPU.ActiveCfg = Debug|Any CPU
		{285151D8-01C1-4B28-A23B-99390726E694}.Debug|Any CPU.Build.0 = Debug|Any CPU
		{285151D8-01C1-4B28-A23B-99390726E694}.Release|Any CPU.ActiveCfg = Release|Any CPU
		{285151D8-01C1-4B28-A23B-99390726E694}.Release|Any CPU.Build.0 = Release|Any CPU
	EndGlobalSection
EndGlobal
